// !$*UTF8*$!
{
	archiveVersion = 1;
	classes = {
	};
	objectVersion = 56;
	objects = {

/* Begin PBXBuildFile section */
		CA5A8CC42BA237F700988658 /* Book.swift in Sources */ = {isa = PBXBuildFile; fileRef = CA5A8CC32BA237F700988658 /* Book.swift */; };
		CA5A8CC62BA2398B00988658 /* AddBookView.swift in Sources */ = {isa = PBXBuildFile; fileRef = CA5A8CC52BA2398B00988658 /* AddBookView.swift */; };
		CA98FEA12B9F7DD50090D7DD /* FiftyThirdDayOfHomework.swift in Sources */ = {isa = PBXBuildFile; fileRef = CA98FEA02B9F7DD50090D7DD /* FiftyThirdDayOfHomework.swift */; };
		CA98FEA52BA223EB0090D7DD /* 53DayTextEditor.swift in Sources */ = {isa = PBXBuildFile; fileRef = CA98FEA42BA223EB0090D7DD /* 53DayTextEditor.swift */; };
		CAB088852BA2F0EF00AB4F40 /* RatingView.swift in Sources */ = {isa = PBXBuildFile; fileRef = CAB088842BA2F0EF00AB4F40 /* RatingView.swift */; };
		CAB088872BA2F69D00AB4F40 /* EmojiRatingView.swift in Sources */ = {isa = PBXBuildFile; fileRef = CAB088862BA2F69D00AB4F40 /* EmojiRatingView.swift */; };
		CAB088892BA2FEF700AB4F40 /* DetailView.swift in Sources */ = {isa = PBXBuildFile; fileRef = CAB088882BA2FEF700AB4F40 /* DetailView.swift */; };
		CADB6CA12B9F7AF100D9B38D /* BookwormApp.swift in Sources */ = {isa = PBXBuildFile; fileRef = CADB6CA02B9F7AF100D9B38D /* BookwormApp.swift */; };
		CADB6CA32B9F7AF100D9B38D /* ContentView.swift in Sources */ = {isa = PBXBuildFile; fileRef = CADB6CA22B9F7AF100D9B38D /* ContentView.swift */; };
		CADB6CA52B9F7AF200D9B38D /* Assets.xcassets in Resources */ = {isa = PBXBuildFile; fileRef = CADB6CA42B9F7AF200D9B38D /* Assets.xcassets */; };
		CADB6CA82B9F7AF200D9B38D /* Preview Assets.xcassets in Resources */ = {isa = PBXBuildFile; fileRef = CADB6CA72B9F7AF200D9B38D /* Preview Assets.xcassets */; };
/* End PBXBuildFile section */

/* Begin PBXFileReference section */
		CA5A8CC32BA237F700988658 /* Book.swift */ = {isa = PBXFileReference; lastKnownFileType = sourcecode.swift; path = Book.swift; sourceTree = "<group>"; };
		CA5A8CC52BA2398B00988658 /* AddBookView.swift */ = {isa = PBXFileReference; lastKnownFileType = sourcecode.swift; path = AddBookView.swift; sourceTree = "<group>"; };
		CA98FEA02B9F7DD50090D7DD /* FiftyThirdDayOfHomework.swift */ = {isa = PBXFileReference; lastKnownFileType = sourcecode.swift; path = FiftyThirdDayOfHomework.swift; sourceTree = "<group>"; };
		CA98FEA42BA223EB0090D7DD /* 53DayTextEditor.swift */ = {isa = PBXFileReference; lastKnownFileType = sourcecode.swift; path = 53DayTextEditor.swift; sourceTree = "<group>"; };
		CAB088842BA2F0EF00AB4F40 /* RatingView.swift */ = {isa = PBXFileReference; lastKnownFileType = sourcecode.swift; path = RatingView.swift; sourceTree = "<group>"; };
		CAB088862BA2F69D00AB4F40 /* EmojiRatingView.swift */ = {isa = PBXFileReference; lastKnownFileType = sourcecode.swift; path = EmojiRatingView.swift; sourceTree = "<group>"; };
		CAB088882BA2FEF700AB4F40 /* DetailView.swift */ = {isa = PBXFileReference; lastKnownFileType = sourcecode.swift; path = DetailView.swift; sourceTree = "<group>"; };
		CADB6C9D2B9F7AF100D9B38D /* Bookworm.app */ = {isa = PBXFileReference; explicitFileType = wrapper.application; includeInIndex = 0; path = Bookworm.app; sourceTree = BUILT_PRODUCTS_DIR; };
		CADB6CA02B9F7AF100D9B38D /* BookwormApp.swift */ = {isa = PBXFileReference; lastKnownFileType = sourcecode.swift; path = BookwormApp.swift; sourceTree = "<group>"; };
		CADB6CA22B9F7AF100D9B38D /* ContentView.swift */ = {isa = PBXFileReference; lastKnownFileType = sourcecode.swift; path = ContentView.swift; sourceTree = "<group>"; };
		CADB6CA42B9F7AF200D9B38D /* Assets.xcassets */ = {isa = PBXFileReference; lastKnownFileType = folder.assetcatalog; path = Assets.xcassets; sourceTree = "<group>"; };
		CADB6CA72B9F7AF200D9B38D /* Preview Assets.xcassets */ = {isa = PBXFileReference; lastKnownFileType = folder.assetcatalog; path = "Preview Assets.xcassets"; sourceTree = "<group>"; };
/* End PBXFileReference section */

/* Begin PBXFrameworksBuildPhase section */
		CADB6C9A2B9F7AF100D9B38D /* Frameworks */ = {
			isa = PBXFrameworksBuildPhase;
			buildActionMask = 2147483647;
			files = (
			);
			runOnlyForDeploymentPostprocessing = 0;
		};
/* End PBXFrameworksBuildPhase section */

/* Begin PBXGroup section */
		CADB6C942B9F7AF100D9B38D = {
			isa = PBXGroup;
			children = (
				CADB6C9F2B9F7AF100D9B38D /* Bookworm */,
				CADB6C9E2B9F7AF100D9B38D /* Products */,
			);
			sourceTree = "<group>";
		};
		CADB6C9E2B9F7AF100D9B38D /* Products */ = {
			isa = PBXGroup;
			children = (
				CADB6C9D2B9F7AF100D9B38D /* Bookworm.app */,
			);
			name = Products;
			sourceTree = "<group>";
		};
		CADB6C9F2B9F7AF100D9B38D /* Bookworm */ = {
			isa = PBXGroup;
			children = (
				CADB6CA02B9F7AF100D9B38D /* BookwormApp.swift */,
				CADB6CA22B9F7AF100D9B38D /* ContentView.swift */,
				CA5A8CC52BA2398B00988658 /* AddBookView.swift */,
				CA5A8CC32BA237F700988658 /* Book.swift */,
				CAB088842BA2F0EF00AB4F40 /* RatingView.swift */,
				CAB088862BA2F69D00AB4F40 /* EmojiRatingView.swift */,
				CAB088882BA2FEF700AB4F40 /* DetailView.swift */,
				CADB6CA42B9F7AF200D9B38D /* Assets.xcassets */,
				CADB6CA62B9F7AF200D9B38D /* Preview Content */,
				CA98FEA02B9F7DD50090D7DD /* FiftyThirdDayOfHomework.swift */,
				CA98FEA42BA223EB0090D7DD /* 53DayTextEditor.swift */,
			);
			path = Bookworm;
			sourceTree = "<group>";
		};
		CADB6CA62B9F7AF200D9B38D /* Preview Content */ = {
			isa = PBXGroup;
			children = (
				CADB6CA72B9F7AF200D9B38D /* Preview Assets.xcassets */,
			);
			path = "Preview Content";
			sourceTree = "<group>";
		};
/* End PBXGroup section */

/* Begin PBXNativeTarget section */
		CADB6C9C2B9F7AF100D9B38D /* Bookworm */ = {
			isa = PBXNativeTarget;
			buildConfigurationList = CADB6CAB2B9F7AF200D9B38D /* Build configuration list for PBXNativeTarget "Bookworm" */;
			buildPhases = (
				CADB6C992B9F7AF100D9B38D /* Sources */,
				CADB6C9A2B9F7AF100D9B38D /* Frameworks */,
				CADB6C9B2B9F7AF100D9B38D /* Resources */,
			);
			buildRules = (
			);
			dependencies = (
			);
			name = Bookworm;
			productName = Bookworm;
			productReference = CADB6C9D2B9F7AF100D9B38D /* Bookworm.app */;
			productType = "com.apple.product-type.application";
		};
/* End PBXNativeTarget section */

/* Begin PBXProject section */
		CADB6C952B9F7AF100D9B38D /* Project object */ = {
			isa = PBXProject;
			attributes = {
				BuildIndependentTargetsInParallel = 1;
				LastSwiftUpdateCheck = 1530;
				LastUpgradeCheck = 1530;
				TargetAttributes = {
					CADB6C9C2B9F7AF100D9B38D = {
						CreatedOnToolsVersion = 15.3;
					};
				};
			};
			buildConfigurationList = CADB6C982B9F7AF100D9B38D /* Build configuration list for PBXProject "Bookworm" */;
			compatibilityVersion = "Xcode 14.0";
			developmentRegion = en;
			hasScannedForEncodings = 0;
			knownRegions = (
				en,
				Base,
			);
			mainGroup = CADB6C942B9F7AF100D9B38D;
			productRefGroup = CADB6C9E2B9F7AF100D9B38D /* Products */;
			projectDirPath = "";
			projectRoot = "";
			targets = (
				CADB6C9C2B9F7AF100D9B38D /* Bookworm */,
			);
		};
/* End PBXProject section */

/* Begin PBXResourcesBuildPhase section */
		CADB6C9B2B9F7AF100D9B38D /* Resources */ = {
			isa = PBXResourcesBuildPhase;
			buildActionMask = 2147483647;
			files = (
				CADB6CA82B9F7AF200D9B38D /* Preview Assets.xcassets in Resources */,
				CADB6CA52B9F7AF200D9B38D /* Assets.xcassets in Resources */,
			);
			runOnlyForDeploymentPostprocessing = 0;
		};
/* End PBXResourcesBuildPhase section */

/* Begin PBXSourcesBuildPhase section */
		CADB6C992B9F7AF100D9B38D /* Sources */ = {
			isa = PBXSourcesBuildPhase;
			buildActionMask = 2147483647;
			files = (
				CA98FEA12B9F7DD50090D7DD /* FiftyThirdDayOfHomework.swift in Sources */,
				CAB088892BA2FEF700AB4F40 /* DetailView.swift in Sources */,
				CA5A8CC62BA2398B00988658 /* AddBookView.swift in Sources */,
				CADB6CA32B9F7AF100D9B38D /* ContentView.swift in Sources */,
				CADB6CA12B9F7AF100D9B38D /* BookwormApp.swift in Sources */,
				CAB088872BA2F69D00AB4F40 /* EmojiRatingView.swift in Sources */,
				CA5A8CC42BA237F700988658 /* Book.swift in Sources */,
				CA98FEA52BA223EB0090D7DD /* 53DayTextEditor.swift in Sources */,
				CAB088852BA2F0EF00AB4F40 /* RatingView.swift in Sources */,
			);
			runOnlyForDeploymentPostprocessing = 0;
		};
/* End PBXSourcesBuildPhase section */

/* Begin XCBuildConfiguration section */
		CADB6CA92B9F7AF200D9B38D /* Debug */ = {
			isa = XCBuildConfiguration;
			buildSettings = {
				ALWAYS_SEARCH_USER_PATHS = NO;
				ASSETCATALOG_COMPILER_GENERATE_SWIFT_ASSET_SYMBOL_EXTENSIONS = YES;
				CLANG_ANALYZER_NONNULL = YES;
				CLANG_ANALYZER_NUMBER_OBJECT_CONVERSION = YES_AGGRESSIVE;
				CLANG_CXX_LANGUAGE_STANDARD = "gnu++20";
				CLANG_ENABLE_MODULES = YES;
				CLANG_ENABLE_OBJC_ARC = YES;
				CLANG_ENABLE_OBJC_WEAK = YES;
				CLANG_WARN_BLOCK_CAPTURE_AUTORELEASING = YES;
				CLANG_WARN_BOOL_CONVERSION = YES;
				CLANG_WARN_COMMA = YES;
				CLANG_WARN_CONSTANT_CONVERSION = YES;
				CLANG_WARN_DEPRECATED_OBJC_IMPLEMENTATIONS = YES;
				CLANG_WARN_DIRECT_OBJC_ISA_USAGE = YES_ERROR;
				CLANG_WARN_DOCUMENTATION_COMMENTS = YES;
				CLANG_WARN_EMPTY_BODY = YES;
				CLANG_WARN_ENUM_CONVERSION = YES;
				CLANG_WARN_INFINITE_RECURSION = YES;
				CLANG_WARN_INT_CONVERSION = YES;
				CLANG_WARN_NON_LITERAL_NULL_CONVERSION = YES;
				CLANG_WARN_OBJC_IMPLICIT_RETAIN_SELF = YES;
				CLANG_WARN_OBJC_LITERAL_CONVERSION = YES;
				CLANG_WARN_OBJC_ROOT_CLASS = YES_ERROR;
				CLANG_WARN_QUOTED_INCLUDE_IN_FRAMEWORK_HEADER = YES;
				CLANG_WARN_RANGE_LOOP_ANALYSIS = YES;
				CLANG_WARN_STRICT_PROTOTYPES = YES;
				CLANG_WARN_SUSPICIOUS_MOVE = YES;
				CLANG_WARN_UNGUARDED_AVAILABILITY = YES_AGGRESSIVE;
				CLANG_WARN_UNREACHABLE_CODE = YES;
				CLANG_WARN__DUPLICATE_METHOD_MATCH = YES;
				COPY_PHASE_STRIP = NO;
				DEBUG_INFORMATION_FORMAT = dwarf;
				ENABLE_STRICT_OBJC_MSGSEND = YES;
				ENABLE_TESTABILITY = YES;
				ENABLE_USER_SCRIPT_SANDBOXING = YES;
				GCC_C_LANGUAGE_STANDARD = gnu17;
				GCC_DYNAMIC_NO_PIC = NO;
				GCC_NO_COMMON_BLOCKS = YES;
				GCC_OPTIMIZATION_LEVEL = 0;
				GCC_PREPROCESSOR_DEFINITIONS = (
					"DEBUG=1",
					"$(inherited)",
				);
				GCC_WARN_64_TO_32_BIT_CONVERSION = YES;
				GCC_WARN_ABOUT_RETURN_TYPE = YES_ERROR;
				GCC_WARN_UNDECLARED_SELECTOR = YES;
				GCC_WARN_UNINITIALIZED_AUTOS = YES_AGGRESSIVE;
				GCC_WARN_UNUSED_FUNCTION = YES;
				GCC_WARN_UNUSED_VARIABLE = YES;
				IPHONEOS_DEPLOYMENT_TARGET = 17.4;
				LOCALIZATION_PREFERS_STRING_CATALOGS = YES;
				MTL_ENABLE_DEBUG_INFO = INCLUDE_SOURCE;
				MTL_FAST_MATH = YES;
				ONLY_ACTIVE_ARCH = YES;
				SDKROOT = iphoneos;
				SWIFT_ACTIVE_COMPILATION_CONDITIONS = "DEBUG $(inherited)";
				SWIFT_OPTIMIZATION_LEVEL = "-Onone";
			};
			name = Debug;
		};
		CADB6CAA2B9F7AF200D9B38D /* Release */ = {
			isa = XCBuildConfiguration;
			buildSettings = {
				ALWAYS_SEARCH_USER_PATHS = NO;
				ASSETCATALOG_COMPILER_GENERATE_SWIFT_ASSET_SYMBOL_EXTENSIONS = YES;
				CLANG_ANALYZER_NONNULL = YES;
				CLANG_ANALYZER_NUMBER_OBJECT_CONVERSION = YES_AGGRESSIVE;
				CLANG_CXX_LANGUAGE_STANDARD = "gnu++20";
				CLANG_ENABLE_MODULES = YES;
				CLANG_ENABLE_OBJC_ARC = YES;
				CLANG_ENABLE_OBJC_WEAK = YES;
				CLANG_WARN_BLOCK_CAPTURE_AUTORELEASING = YES;
				CLANG_WARN_BOOL_CONVERSION = YES;
				CLANG_WARN_COMMA = YES;
				CLANG_WARN_CONSTANT_CONVERSION = YES;
				CLANG_WARN_DEPRECATED_OBJC_IMPLEMENTATIONS = YES;
				CLANG_WARN_DIRECT_OBJC_ISA_USAGE = YES_ERROR;
				CLANG_WARN_DOCUMENTATION_COMMENTS = YES;
				CLANG_WARN_EMPTY_BODY = YES;
				CLANG_WARN_ENUM_CONVERSION = YES;
				CLANG_WARN_INFINITE_RECURSION = YES;
				CLANG_WARN_INT_CONVERSION = YES;
				CLANG_WARN_NON_LITERAL_NULL_CONVERSION = YES;
				CLANG_WARN_OBJC_IMPLICIT_RETAIN_SELF = YES;
				CLANG_WARN_OBJC_LITERAL_CONVERSION = YES;
				CLANG_WARN_OBJC_ROOT_CLASS = YES_ERROR;
				CLANG_WARN_QUOTED_INCLUDE_IN_FRAMEWORK_HEADER = YES;
				CLANG_WARN_RANGE_LOOP_ANALYSIS = YES;
				CLANG_WARN_STRICT_PROTOTYPES = YES;
				CLANG_WARN_SUSPICIOUS_MOVE = YES;
				CLANG_WARN_UNGUARDED_AVAILABILITY = YES_AGGRESSIVE;
				CLANG_WARN_UNREACHABLE_CODE = YES;
				CLANG_WARN__DUPLICATE_METHOD_MATCH = YES;
				COPY_PHASE_STRIP = NO;
				DEBUG_INFORMATION_FORMAT = "dwarf-with-dsym";
				ENABLE_NS_ASSERTIONS = NO;
				ENABLE_STRICT_OBJC_MSGSEND = YES;
				ENABLE_USER_SCRIPT_SANDBOXING = YES;
				GCC_C_LANGUAGE_STANDARD = gnu17;
				GCC_NO_COMMON_BLOCKS = YES;
				GCC_WARN_64_TO_32_BIT_CONVERSION = YES;
				GCC_WARN_ABOUT_RETURN_TYPE = YES_ERROR;
				GCC_WARN_UNDECLARED_SELECTOR = YES;
				GCC_WARN_UNINITIALIZED_AUTOS = YES_AGGRESSIVE;
				GCC_WARN_UNUSED_FUNCTION = YES;
				GCC_WARN_UNUSED_VARIABLE = YES;
				IPHONEOS_DEPLOYMENT_TARGET = 17.4;
				LOCALIZATION_PREFERS_STRING_CATALOGS = YES;
				MTL_ENABLE_DEBUG_INFO = NO;
				MTL_FAST_MATH = YES;
				SDKROOT = iphoneos;
				SWIFT_COMPILATION_MODE = wholemodule;
				VALIDATE_PRODUCT = YES;
			};
			name = Release;
		};
		CADB6CAC2B9F7AF200D9B38D /* Debug */ = {
			isa = XCBuildConfiguration;
			buildSettings = {
				ASSETCATALOG_COMPILER_APPICON_NAME = AppIcon;
				ASSETCATALOG_COMPILER_GLOBAL_ACCENT_COLOR_NAME = AccentColor;
				CODE_SIGN_STYLE = Automatic;
				CURRENT_PROJECT_VERSION = 1;
				DEVELOPMENT_ASSET_PATHS = "\"Bookworm/Preview Content\"";
				DEVELOPMENT_TEAM = VY6BU9F56X;
				ENABLE_PREVIEWS = YES;
				GENERATE_INFOPLIST_FILE = YES;
				INFOPLIST_KEY_UIApplicationSceneManifest_Generation = YES;
				INFOPLIST_KEY_UIApplicationSupportsIndirectInputEvents = YES;
				INFOPLIST_KEY_UILaunchScreen_Generation = YES;
				INFOPLIST_KEY_UISupportedInterfaceOrientations_iPad = "UIInterfaceOrientationPortrait UIInterfaceOrientationPortraitUpsideDown UIInterfaceOrientationLandscapeLeft UIInterfaceOrientationLandscapeRight";
				INFOPLIST_KEY_UISupportedInterfaceOrientations_iPhone = "UIInterfaceOrientationPortrait UIInterfaceOrientationLandscapeLeft UIInterfaceOrientationLandscapeRight";
				IPHONEOS_DEPLOYMENT_TARGET = 17.4;
				LD_RUNPATH_SEARCH_PATHS = (
					"$(inherited)",
					"@executable_path/Frameworks",
				);
				MARKETING_VERSION = 1.0;
				PRODUCT_BUNDLE_IDENTIFIER = "white-wolf.Bookworm";
				PRODUCT_NAME = "$(TARGET_NAME)";
				SWIFT_EMIT_LOC_STRINGS = YES;
				SWIFT_VERSION = 5.0;
				TARGETED_DEVICE_FAMILY = "1,2";
			};
			name = Debug;
		};
		CADB6CAD2B9F7AF200D9B38D /* Release */ = {
			isa = XCBuildConfiguration;
			buildSettings = {
				ASSETCATALOG_COMPILER_APPICON_NAME = AppIcon;
				ASSETCATALOG_COMPILER_GLOBAL_ACCENT_COLOR_NAME = AccentColor;
				CODE_SIGN_STYLE = Automatic;
				CURRENT_PROJECT_VERSION = 1;
				DEVELOPMENT_ASSET_PATHS = "\"Bookworm/Preview Content\"";
				DEVELOPMENT_TEAM = VY6BU9F56X;
				ENABLE_PREVIEWS = YES;
				GENERATE_INFOPLIST_FILE = YES;
				INFOPLIST_KEY_UIApplicationSceneManifest_Generation = YES;
				INFOPLIST_KEY_UIApplicationSupportsIndirectInputEvents = YES;
				INFOPLIST_KEY_UILaunchScreen_Generation = YES;
				INFOPLIST_KEY_UISupportedInterfaceOrientations_iPad = "UIInterfaceOrientationPortrait UIInterfaceOrientationPortraitUpsideDown UIInterfaceOrientationLandscapeLeft UIInterfaceOrientationLandscapeRight";
				INFOPLIST_KEY_UISupportedInterfaceOrientations_iPhone = "UIInterfaceOrientationPortrait UIInterfaceOrientationLandscapeLeft UIInterfaceOrientationLandscapeRight";
				IPHONEOS_DEPLOYMENT_TARGET = 17.4;
				LD_RUNPATH_SEARCH_PATHS = (
					"$(inherited)",
					"@executable_path/Frameworks",
				);
				MARKETING_VERSION = 1.0;
				PRODUCT_BUNDLE_IDENTIFIER = "white-wolf.Bookworm";
				PRODUCT_NAME = "$(TARGET_NAME)";
				SWIFT_EMIT_LOC_STRINGS = YES;
				SWIFT_VERSION = 5.0;
				TARGETED_DEVICE_FAMILY = "1,2";
			};
			name = Release;
		};
/* End XCBuildConfiguration section */

/* Begin XCConfigurationList section */
		CADB6C982B9F7AF100D9B38D /* Build configuration list for PBXProject "Bookworm" */ = {
			isa = XCConfigurationList;
			buildConfigurations = (
				CADB6CA92B9F7AF200D9B38D /* Debug */,
				CADB6CAA2B9F7AF200D9B38D /* Release */,
			);
			defaultConfigurationIsVisible = 0;
			defaultConfigurationName = Release;
		};
		CADB6CAB2B9F7AF200D9B38D /* Build configuration list for PBXNativeTarget "Bookworm" */ = {
			isa = XCConfigurationList;
			buildConfigurations = (
				CADB6CAC2B9F7AF200D9B38D /* Debug */,
				CADB6CAD2B9F7AF200D9B38D /* Release */,
			);
			defaultConfigurationIsVisible = 0;
			defaultConfigurationName = Release;
		};
/* End XCConfigurationList section */
	};
	rootObject = CADB6C952B9F7AF100D9B38D /* Project object */;
}
